{
    "name": "junglejs",
    "requires": true,
    "lockfileVersion": 1,
    "dependencies": {
        "graphql-compose": {
            "version": "7.25.0",
            "resolved": "https://registry.npmjs.org/graphql-compose/-/graphql-compose-7.25.0.tgz",
            "integrity": "sha512-Zd2G62Sq0ZQW+qXds/LgSi3YSulmk2t2YS3WJfHvNslkEbyAcE1mFiy7c1wU0tl3woB0vPRwI0jAYtSSG6llNA==",
            "requires": {
                "graphql-type-json": "0.3.2",
                "object-path": "0.11.5"
            }
        },
        "graphql-compose-json": {
            "version": "6.0.0",
            "resolved": "https://registry.npmjs.org/graphql-compose-json/-/graphql-compose-json-6.0.0.tgz",
            "integrity": "sha512-3HhNuaEToG2jlr1+z9ArDgIuPImZtsNxwmQjUDvqlKJIU6kyYCLr20eIlK/uNvjeFeLYaNuATDLPD+QxY7Uweg=="
        },
        "graphql-tag": {
            "version": "2.11.0",
            "resolved": "https://registry.npmjs.org/graphql-tag/-/graphql-tag-2.11.0.tgz",
            "integrity": "sha512-VmsD5pJqWJnQZMUeRwrDhfgoyqcfwEkvtpANqcoUG8/tOLkwNgU9mzub/Mc78OJMhHjx7gfAMTxzdG43VGg3bA=="
        },
        "graphql-type-json": {
            "version": "0.3.2",
            "resolved": "https://registry.npmjs.org/graphql-type-json/-/graphql-type-json-0.3.2.tgz",
            "integrity": "sha512-J+vjof74oMlCWXSvt0DOf2APEdZOCdubEvGDUAlqH//VBYcOYsGgRW7Xzorr44LvkjiuvecWc8fChxuZZbChtg=="
        },
        "lodash.find": {
            "version": "4.6.0",
            "resolved": "https://registry.npmjs.org/lodash.find/-/lodash.find-4.6.0.tgz",
            "integrity": "sha1-ywcE1Hq3F4n/oN6Ll92Sb7iLE7E="
        },
        "object-path": {
            "version": "0.11.5",
            "resolved": "https://registry.npmjs.org/object-path/-/object-path-0.11.5.tgz",
            "integrity": "sha512-jgSbThcoR/s+XumvGMTMf81QVBmah+/Q7K7YduKeKVWL7N111unR2d6pZZarSk6kY/caeNxUDyxOvMWyzoU2eg=="
        }
    }
}
